
Microsoft Visual Studio Solution File, Format Version 12.00
# Visual Studio 15
VisualStudioVersion = 15.0.28307.539
MinimumVisualStudioVersion = 10.0.40219.1
Project("{9A19103F-16F7-4668-BE54-9A1E7A4F7556}") = "Ecommerceclothes", "Ecommerceclothes\Ecommerceclothes.csproj", "{19478880-3909-4B1A-BE7E-3FFBB7A8F6BE}"
EndProject
Global
	GlobalSection(SolutionConfigurationPlatforms) = preSolution
		Debug|Any CPU = Debug|Any CPU
		Release|Any CPU = Release|Any CPU
	EndGlobalSection
	GlobalSection(ProjectConfigurationPlatforms) = postSolution
		{19478880-3909-4B1A-BE7E-3FFBB7A8F6BE}.Debug|Any CPU.ActiveCfg = Debug|Any CPU
		{19478880-3909-4B1A-BE7E-3FFBB7A8F6BE}.Debug|Any CPU.Build.0 = Debug|Any CPU
		{19478880-3909-4B1A-BE7E-3FFBB7A8F6BE}.Release|Any CPU.ActiveCfg = Release|Any CPU
		{19478880-3909-4B1A-BE7E-3FFBB7A8F6BE}.Release|Any CPU.Build.0 = Release|Any CPU
	EndGlobalSection
	GlobalSection(SolutionProperties) = preSolution
		HideSolutionNode = FALSE
	EndGlobalSection
	GlobalSection(ExtensibilityGlobals) = postSolution
		SolutionGuid = {28CA77B2-019D-472A-B632-77C7B8068E47}
	EndGlobalSection
EndGlobal
